
Microsoft Visual Studio Solution File, Format Version 12.00
# Visual Studio Version 16
VisualStudioVersion = 16.0.29613.14
MinimumVisualStudioVersion = 10.0.40219.1
Project("{9A19103F-16F7-4668-BE54-9A1E7A4F7556}") = "EmpAge", "EmpAge\EmpAge.csproj", "{33F974EF-A982-4E79-A31A-4E807FA11C20}"
EndProject
Project("{FAE04EC0-301F-11D3-BF4B-00C04F79EFBC}") = "EmpAge.Test", "EmpAge.Test\EmpAge.Test.csproj", "{9FCA3E4A-9AB7-4498-AB2A-AF45E70031BB}"
EndProject
Global
	GlobalSection(SolutionConfigurationPlatforms) = preSolution
		Debug|Any CPU = Debug|Any CPU
		Release|Any CPU = Release|Any CPU
	EndGlobalSection
	GlobalSection(ProjectConfigurationPlatforms) = postSolution
		{33F974EF-A982-4E79-A31A-4E807FA11C20}.Debug|Any CPU.ActiveCfg = Debug|Any CPU
		{33F974EF-A982-4E79-A31A-4E807FA11C20}.Debug|Any CPU.Build.0 = Debug|Any CPU
		{33F974EF-A982-4E79-A31A-4E807FA11C20}.Release|Any CPU.ActiveCfg = Release|Any CPU
		{33F974EF-A982-4E79-A31A-4E807FA11C20}.Release|Any CPU.Build.0 = Release|Any CPU
		{9FCA3E4A-9AB7-4498-AB2A-AF45E70031BB}.Debug|Any CPU.ActiveCfg = Debug|Any CPU
		{9FCA3E4A-9AB7-4498-AB2A-AF45E70031BB}.Debug|Any CPU.Build.0 = Debug|Any CPU
		{9FCA3E4A-9AB7-4498-AB2A-AF45E70031BB}.Release|Any CPU.ActiveCfg = Release|Any CPU
		{9FCA3E4A-9AB7-4498-AB2A-AF45E70031BB}.Release|Any CPU.Build.0 = Release|Any CPU
	EndGlobalSection
	GlobalSection(SolutionProperties) = preSolution
		HideSolutionNode = FALSE
	EndGlobalSection
	GlobalSection(ExtensibilityGlobals) = postSolution
		SolutionGuid = {F2A9AAAA-B088-49A1-BF11-7212BED0795D}
	EndGlobalSection
EndGlobal
