
Microsoft Visual Studio Solution File, Format Version 12.00
# Visual Studio Version 16
VisualStudioVersion = 16.0.29926.136
MinimumVisualStudioVersion = 10.0.40219.1
Project("{FAE04EC0-301F-11D3-BF4B-00C04F79EFBC}") = "EmpAge", "EmpAge\EmpAge.csproj", "{BA260DF0-3DEA-44E7-A9FC-E7AB4D5487B9}"
EndProject
Global
	GlobalSection(SolutionConfigurationPlatforms) = preSolution
		Debug|Any CPU = Debug|Any CPU
		Release|Any CPU = Release|Any CPU
	EndGlobalSection
	GlobalSection(ProjectConfigurationPlatforms) = postSolution
		{BA260DF0-3DEA-44E7-A9FC-E7AB4D5487B9}.Debug|Any CPU.ActiveCfg = Debug|Any CPU
		{BA260DF0-3DEA-44E7-A9FC-E7AB4D5487B9}.Debug|Any CPU.Build.0 = Debug|Any CPU
		{BA260DF0-3DEA-44E7-A9FC-E7AB4D5487B9}.Release|Any CPU.ActiveCfg = Release|Any CPU
		{BA260DF0-3DEA-44E7-A9FC-E7AB4D5487B9}.Release|Any CPU.Build.0 = Release|Any CPU
	EndGlobalSection
	GlobalSection(SolutionProperties) = preSolution
		HideSolutionNode = FALSE
	EndGlobalSection
	GlobalSection(ExtensibilityGlobals) = postSolution
		SolutionGuid = {F0E511FE-36DA-4775-8DBB-CA721E58F8B2}
	EndGlobalSection
EndGlobal
